
Microsoft Visual Studio Solution File, Format Version 12.00
# Visual Studio Version 17
VisualStudioVersion = 17.4.33213.308
MinimumVisualStudioVersion = 10.0.40219.1
Project("{9A19103F-16F7-4668-BE54-9A1E7A4F7556}") = "HelldiversWwiseHandler", "HelldiversWwiseHandler.csproj", "{BA1DFA3A-213D-40C9-863C-3EECC37670BB}"
EndProject
Project("{8BC9CEB8-8B4A-11D0-8D11-00A0C91BC942}") = "stingray_murmur", "stingray_murmur\stingray_murmur.vcxproj", "{92E24702-4BED-4292-B547-4B5A6239CBC3}"
EndProject
Global
	GlobalSection(SolutionConfigurationPlatforms) = preSolution
		Debug|Any CPU = Debug|Any CPU
		Debug|x64 = Debug|x64
		Debug|x86 = Debug|x86
		Release|Any CPU = Release|Any CPU
		Release|x64 = Release|x64
		Release|x86 = Release|x86
	EndGlobalSection
	GlobalSection(ProjectConfigurationPlatforms) = postSolution
		{BA1DFA3A-213D-40C9-863C-3EECC37670BB}.Debug|Any CPU.ActiveCfg = Debug|Any CPU
		{BA1DFA3A-213D-40C9-863C-3EECC37670BB}.Debug|Any CPU.Build.0 = Debug|Any CPU
		{BA1DFA3A-213D-40C9-863C-3EECC37670BB}.Debug|x64.ActiveCfg = Debug|Any CPU
		{BA1DFA3A-213D-40C9-863C-3EECC37670BB}.Debug|x64.Build.0 = Debug|Any CPU
		{BA1DFA3A-213D-40C9-863C-3EECC37670BB}.Debug|x86.ActiveCfg = Debug|Any CPU
		{BA1DFA3A-213D-40C9-863C-3EECC37670BB}.Debug|x86.Build.0 = Debug|Any CPU
		{BA1DFA3A-213D-40C9-863C-3EECC37670BB}.Release|Any CPU.ActiveCfg = Release|Any CPU
		{BA1DFA3A-213D-40C9-863C-3EECC37670BB}.Release|Any CPU.Build.0 = Release|Any CPU
		{BA1DFA3A-213D-40C9-863C-3EECC37670BB}.Release|x64.ActiveCfg = Release|Any CPU
		{BA1DFA3A-213D-40C9-863C-3EECC37670BB}.Release|x64.Build.0 = Release|Any CPU
		{BA1DFA3A-213D-40C9-863C-3EECC37670BB}.Release|x86.ActiveCfg = Release|Any CPU
		{BA1DFA3A-213D-40C9-863C-3EECC37670BB}.Release|x86.Build.0 = Release|Any CPU
		{92E24702-4BED-4292-B547-4B5A6239CBC3}.Debug|Any CPU.ActiveCfg = Debug|x64
		{92E24702-4BED-4292-B547-4B5A6239CBC3}.Debug|Any CPU.Build.0 = Debug|x64
		{92E24702-4BED-4292-B547-4B5A6239CBC3}.Debug|x64.ActiveCfg = Debug|x64
		{92E24702-4BED-4292-B547-4B5A6239CBC3}.Debug|x64.Build.0 = Debug|x64
		{92E24702-4BED-4292-B547-4B5A6239CBC3}.Debug|x86.ActiveCfg = Debug|Win32
		{92E24702-4BED-4292-B547-4B5A6239CBC3}.Debug|x86.Build.0 = Debug|Win32
		{92E24702-4BED-4292-B547-4B5A6239CBC3}.Release|Any CPU.ActiveCfg = Release|x64
		{92E24702-4BED-4292-B547-4B5A6239CBC3}.Release|Any CPU.Build.0 = Release|x64
		{92E24702-4BED-4292-B547-4B5A6239CBC3}.Release|x64.ActiveCfg = Release|x64
		{92E24702-4BED-4292-B547-4B5A6239CBC3}.Release|x64.Build.0 = Release|x64
		{92E24702-4BED-4292-B547-4B5A6239CBC3}.Release|x86.ActiveCfg = Release|Win32
		{92E24702-4BED-4292-B547-4B5A6239CBC3}.Release|x86.Build.0 = Release|Win32
	EndGlobalSection
	GlobalSection(SolutionProperties) = preSolution
		HideSolutionNode = FALSE
	EndGlobalSection
	GlobalSection(ExtensibilityGlobals) = postSolution
		SolutionGuid = {746CBCDB-3B3D-4B67-9B12-378317E8C367}
	EndGlobalSection
EndGlobal
